// !$*UTF8*$!
{
	archiveVersion = 1;
	classes = {
	};
	objectVersion = 77;
	objects = {

/* Begin PBXBuildFile section */
		0D8C8B5ECB0A89458832F418 /* MoimRealtimeSync.swift in Sources */ = {isa = PBXBuildFile; fileRef = E9B260B7A2E9FBE5A4D76072 /* MoimRealtimeSync.swift */; };
		0DF07A068A6D8D7C6FB85920 /* DateUtils.swift in Sources */ = {isa = PBXBuildFile; fileRef = E17DE9D14FE52E794BAFCB4E /* DateUtils.swift */; };
		0F00500938EC7F652D73CCA6 /* OneSignalFramework in Frameworks */ = {isa = PBXBuildFile; productRef = F9BD290E996DA61F670A77FF /* OneSignalFramework */; };
		122642BEF5058304974AECFA /* EventEditView.swift in Sources */ = {isa = PBXBuildFile; fileRef = 2CA9C1A636044B04FF6591FE /* EventEditView.swift */; };
		1578EF6CB778038234AF36D6 /* SupabaseClient.swift in Sources */ = {isa = PBXBuildFile; fileRef = 65B364AEB657C1C5BEE8FAB6 /* SupabaseClient.swift */; };
		221A52FF2E0856F233729EE5 /* AdminPlaceholderView.swift in Sources */ = {isa = PBXBuildFile; fileRef = BA791D3357DDC85A6236355D /* AdminPlaceholderView.swift */; };
		40BD3669E5C236982894A7A3 /* MoimTalkApp.swift in Sources */ = {isa = PBXBuildFile; fileRef = BB0A1DBF9F67B1886AFC7CF5 /* MoimTalkApp.swift */; };
		43DB1EC861921E407B2CD17D /* KrHolidays.swift in Sources */ = {isa = PBXBuildFile; fileRef = C937F0DF6E3C08939612A4F3 /* KrHolidays.swift */; };
		48D671F7416618EC4B1610D6 /* RoomListView.swift in Sources */ = {isa = PBXBuildFile; fileRef = 7F7D32747C8263739AB9EC87 /* RoomListView.swift */; };
		592CB191E822D1BFE719D30F /* FilesView.swift in Sources */ = {isa = PBXBuildFile; fileRef = 1C46B8FDCED34E1AC6ACE940 /* FilesView.swift */; };
		6314425C995973B53939D1A9 /* SettingsView.swift in Sources */ = {isa = PBXBuildFile; fileRef = F94D943109CAC010C897F48A /* SettingsView.swift */; };
		66A372AA8458DB99401EF198 /* Supabase in Frameworks */ = {isa = PBXBuildFile; productRef = 74F619C44F2D7ACF75D6A1EF /* Supabase */; };
		7D5D97A4E555017A94A43B39 /* SignupApprovalView.swift in Sources */ = {isa = PBXBuildFile; fileRef = 4E164F2622713CCF506DDA5A /* SignupApprovalView.swift */; };
		974287247F382BD2A5239019 /* RoomSettingsView.swift in Sources */ = {isa = PBXBuildFile; fileRef = 38F2E8EA04ADE013469515E9 /* RoomSettingsView.swift */; };
		9CAE57F57BF265116F14F340 /* CalendarView.swift in Sources */ = {isa = PBXBuildFile; fileRef = 2ADA7A9789560AF4AFFABA18 /* CalendarView.swift */; };
		AC4D14BA90342DA81A4B2B1E /* Models.swift in Sources */ = {isa = PBXBuildFile; fileRef = 6E42E0AEF7749647ADDFE498 /* Models.swift */; };
		B9510171D37606FA467A17EC /* Assets.xcassets in Resources */ = {isa = PBXBuildFile; fileRef = 56102EC49F1986DF4BAD645A /* Assets.xcassets */; };
		B9C3DEF180EDDDA9C26F14B2 /* Push.swift in Sources */ = {isa = PBXBuildFile; fileRef = DFA3582CD153350811B5579E /* Push.swift */; };
		BAD8803DB9F4D033605BF39E /* MoimDesign.swift in Sources */ = {isa = PBXBuildFile; fileRef = 53C59092C198E5087DFE87D6 /* MoimDesign.swift */; };
		C3CEEBBB8210C301AE92F308 /* AvatarAdjustView.swift in Sources */ = {isa = PBXBuildFile; fileRef = 46283BAAE3AEE4F4081CA36E /* AvatarAdjustView.swift */; };
		CC2E432B9D8FFB59F8A5E2E2 /* LoginView.swift in Sources */ = {isa = PBXBuildFile; fileRef = 7587B7A6C7F09B42D62B36D1 /* LoginView.swift */; };
		D80A76A9098AD074AA57FCE9 /* WardStatusView.swift in Sources */ = {isa = PBXBuildFile; fileRef = 7F01F129DE6E64DBFE58423E /* WardStatusView.swift */; };
		D8974609309F8AC914FE9489 /* MoimRepository.swift in Sources */ = {isa = PBXBuildFile; fileRef = 6C3D3AA6E1494F69BE95D8C3 /* MoimRepository.swift */; };
		DFF4A0DF7DA3325B06965141 /* PendingApprovalView.swift in Sources */ = {isa = PBXBuildFile; fileRef = EA9AAD91F9D647582FC5E77D /* PendingApprovalView.swift */; };
		EDCBA9ABDE2D41AFED8D9E7A /* MoimViewModel.swift in Sources */ = {isa = PBXBuildFile; fileRef = 73F51B10F9F1008922342445 /* MoimViewModel.swift */; };
		F5F93EFC6BDFFDAE254FB71B /* RoomView.swift in Sources */ = {isa = PBXBuildFile; fileRef = 7D706D1572849E3BC1AE1BAA /* RoomView.swift */; };
		FAD1986FA820CA788D8F8935 /* MemberCsvExport.swift in Sources */ = {isa = PBXBuildFile; fileRef = 0BA969A4C719EAEBB12CAE3F /* MemberCsvExport.swift */; };
		FBF8BDC92B4DA1C7A504E28E /* CreateRoomView.swift in Sources */ = {isa = PBXBuildFile; fileRef = 1A15A572C6232E483E7FD43C /* CreateRoomView.swift */; };
/* End PBXBuildFile section */

/* Begin PBXFileReference section */
		0BA969A4C719EAEBB12CAE3F /* MemberCsvExport.swift */ = {isa = PBXFileReference; lastKnownFileType = sourcecode.swift; path = MemberCsvExport.swift; sourceTree = "<group>"; };
		1A15A572C6232E483E7FD43C /* CreateRoomView.swift */ = {isa = PBXFileReference; lastKnownFileType = sourcecode.swift; path = CreateRoomView.swift; sourceTree = "<group>"; };
		1C46B8FDCED34E1AC6ACE940 /* FilesView.swift */ = {isa = PBXFileReference; lastKnownFileType = sourcecode.swift; path = FilesView.swift; sourceTree = "<group>"; };
		2ADA7A9789560AF4AFFABA18 /* CalendarView.swift */ = {isa = PBXFileReference; lastKnownFileType = sourcecode.swift; path = CalendarView.swift; sourceTree = "<group>"; };
		2CA9C1A636044B04FF6591FE /* EventEditView.swift */ = {isa = PBXFileReference; lastKnownFileType = sourcecode.swift; path = EventEditView.swift; sourceTree = "<group>"; };
		31C7C27D08162CA0CBA76C7B /* MoimTalk.entitlements */ = {isa = PBXFileReference; lastKnownFileType = text.plist.entitlements; path = MoimTalk.entitlements; sourceTree = "<group>"; };
		38F2E8EA04ADE013469515E9 /* RoomSettingsView.swift */ = {isa = PBXFileReference; lastKnownFileType = sourcecode.swift; path = RoomSettingsView.swift; sourceTree = "<group>"; };
		46283BAAE3AEE4F4081CA36E /* AvatarAdjustView.swift */ = {isa = PBXFileReference; lastKnownFileType = sourcecode.swift; path = AvatarAdjustView.swift; sourceTree = "<group>"; };
		4E164F2622713CCF506DDA5A /* SignupApprovalView.swift */ = {isa = PBXFileReference; lastKnownFileType = sourcecode.swift; path = SignupApprovalView.swift; sourceTree = "<group>"; };
		53C59092C198E5087DFE87D6 /* MoimDesign.swift */ = {isa = PBXFileReference; lastKnownFileType = sourcecode.swift; path = MoimDesign.swift; sourceTree = "<group>"; };
		56102EC49F1986DF4BAD645A /* Assets.xcassets */ = {isa = PBXFileReference; lastKnownFileType = folder.assetcatalog; path = Assets.xcassets; sourceTree = "<group>"; };
		65B364AEB657C1C5BEE8FAB6 /* SupabaseClient.swift */ = {isa = PBXFileReference; lastKnownFileType = sourcecode.swift; path = SupabaseClient.swift; sourceTree = "<group>"; };
		6C3D3AA6E1494F69BE95D8C3 /* MoimRepository.swift */ = {isa = PBXFileReference; lastKnownFileType = sourcecode.swift; path = MoimRepository.swift; sourceTree = "<group>"; };
		6E42E0AEF7749647ADDFE498 /* Models.swift */ = {isa = PBXFileReference; lastKnownFileType = sourcecode.swift; path = Models.swift; sourceTree = "<group>"; };
		73F51B10F9F1008922342445 /* MoimViewModel.swift */ = {isa = PBXFileReference; lastKnownFileType = sourcecode.swift; path = MoimViewModel.swift; sourceTree = "<group>"; };
		7587B7A6C7F09B42D62B36D1 /* LoginView.swift */ = {isa = PBXFileReference; lastKnownFileType = sourcecode.swift; path = LoginView.swift; sourceTree = "<group>"; };
		77AF8F071B3C5AC6410D6389 /* MoimTalk.app */ = {isa = PBXFileReference; explicitFileType = wrapper.application; includeInIndex = 0; path = MoimTalk.app; sourceTree = BUILT_PRODUCTS_DIR; };
		7D706D1572849E3BC1AE1BAA /* RoomView.swift */ = {isa = PBXFileReference; lastKnownFileType = sourcecode.swift; path = RoomView.swift; sourceTree = "<group>"; };
		7F01F129DE6E64DBFE58423E /* WardStatusView.swift */ = {isa = PBXFileReference; lastKnownFileType = sourcecode.swift; path = WardStatusView.swift; sourceTree = "<group>"; };
		7F7D32747C8263739AB9EC87 /* RoomListView.swift */ = {isa = PBXFileReference; lastKnownFileType = sourcecode.swift; path = RoomListView.swift; sourceTree = "<group>"; };
		BA791D3357DDC85A6236355D /* AdminPlaceholderView.swift */ = {isa = PBXFileReference; lastKnownFileType = sourcecode.swift; path = AdminPlaceholderView.swift; sourceTree = "<group>"; };
		BB0A1DBF9F67B1886AFC7CF5 /* MoimTalkApp.swift */ = {isa = PBXFileReference; lastKnownFileType = sourcecode.swift; path = MoimTalkApp.swift; sourceTree = "<group>"; };
		C937F0DF6E3C08939612A4F3 /* KrHolidays.swift */ = {isa = PBXFileReference; lastKnownFileType = sourcecode.swift; path = KrHolidays.swift; sourceTree = "<group>"; };
		DFA3582CD153350811B5579E /* Push.swift */ = {isa = PBXFileReference; lastKnownFileType = sourcecode.swift; path = Push.swift; sourceTree = "<group>"; };
		E17DE9D14FE52E794BAFCB4E /* DateUtils.swift */ = {isa = PBXFileReference; lastKnownFileType = sourcecode.swift; path = DateUtils.swift; sourceTree = "<group>"; };
		E9B260B7A2E9FBE5A4D76072 /* MoimRealtimeSync.swift */ = {isa = PBXFileReference; lastKnownFileType = sourcecode.swift; path = MoimRealtimeSync.swift; sourceTree = "<group>"; };
		EA9AAD91F9D647582FC5E77D /* PendingApprovalView.swift */ = {isa = PBXFileReference; lastKnownFileType = sourcecode.swift; path = PendingApprovalView.swift; sourceTree = "<group>"; };
		F94D943109CAC010C897F48A /* SettingsView.swift */ = {isa = PBXFileReference; lastKnownFileType = sourcecode.swift; path = SettingsView.swift; sourceTree = "<group>"; };
/* End PBXFileReference section */

/* Begin PBXFrameworksBuildPhase section */
		F99CFDBF9FE23E75FD6F21F5 /* Frameworks */ = {
			isa = PBXFrameworksBuildPhase;
			buildActionMask = 2147483647;
			files = (
				66A372AA8458DB99401EF198 /* Supabase in Frameworks */,
				0F00500938EC7F652D73CCA6 /* OneSignalFramework in Frameworks */,
			);
			runOnlyForDeploymentPostprocessing = 0;
		};
/* End PBXFrameworksBuildPhase section */

/* Begin PBXGroup section */
		21323AFCEF09031A6BFF70D5 /* Products */ = {
			isa = PBXGroup;
			children = (
				77AF8F071B3C5AC6410D6389 /* MoimTalk.app */,
			);
			name = Products;
			sourceTree = "<group>";
		};
		6C92E056C1B5435B398820D3 /* MoimTalk */ = {
			isa = PBXGroup;
			children = (
				56102EC49F1986DF4BAD645A /* Assets.xcassets */,
				31C7C27D08162CA0CBA76C7B /* MoimTalk.entitlements */,
				BB0A1DBF9F67B1886AFC7CF5 /* MoimTalkApp.swift */,
				DFA3582CD153350811B5579E /* Push.swift */,
				B4E4F570F8BF3E17B534F459 /* Design */,
				F0D43BCE38E3A72ABB6B8D62 /* Supabase */,
				9B05C28E6C22C4E8AD69E786 /* ViewModel */,
				AA28F82CB04B784FDAE27E08 /* Views */,
			);
			path = MoimTalk;
			sourceTree = "<group>";
		};
		9B05C28E6C22C4E8AD69E786 /* ViewModel */ = {
			isa = PBXGroup;
			children = (
				73F51B10F9F1008922342445 /* MoimViewModel.swift */,
			);
			path = ViewModel;
			sourceTree = "<group>";
		};
		A1D7B2BF494DE1CCAB90B550 = {
			isa = PBXGroup;
			children = (
				6C92E056C1B5435B398820D3 /* MoimTalk */,
				21323AFCEF09031A6BFF70D5 /* Products */,
			);
			sourceTree = "<group>";
		};
		AA28F82CB04B784FDAE27E08 /* Views */ = {
			isa = PBXGroup;
			children = (
				BA791D3357DDC85A6236355D /* AdminPlaceholderView.swift */,
				46283BAAE3AEE4F4081CA36E /* AvatarAdjustView.swift */,
				2ADA7A9789560AF4AFFABA18 /* CalendarView.swift */,
				1A15A572C6232E483E7FD43C /* CreateRoomView.swift */,
				E17DE9D14FE52E794BAFCB4E /* DateUtils.swift */,
				2CA9C1A636044B04FF6591FE /* EventEditView.swift */,
				1C46B8FDCED34E1AC6ACE940 /* FilesView.swift */,
				C937F0DF6E3C08939612A4F3 /* KrHolidays.swift */,
				7587B7A6C7F09B42D62B36D1 /* LoginView.swift */,
				EA9AAD91F9D647582FC5E77D /* PendingApprovalView.swift */,
				7F7D32747C8263739AB9EC87 /* RoomListView.swift */,
				38F2E8EA04ADE013469515E9 /* RoomSettingsView.swift */,
				7D706D1572849E3BC1AE1BAA /* RoomView.swift */,
				F94D943109CAC010C897F48A /* SettingsView.swift */,
				4E164F2622713CCF506DDA5A /* SignupApprovalView.swift */,
				7F01F129DE6E64DBFE58423E /* WardStatusView.swift */,
			);
			path = Views;
			sourceTree = "<group>";
		};
		B4E4F570F8BF3E17B534F459 /* Design */ = {
			isa = PBXGroup;
			children = (
				0BA969A4C719EAEBB12CAE3F /* MemberCsvExport.swift */,
				53C59092C198E5087DFE87D6 /* MoimDesign.swift */,
			);
			path = Design;
			sourceTree = "<group>";
		};
		F0D43BCE38E3A72ABB6B8D62 /* Supabase */ = {
			isa = PBXGroup;
			children = (
				6E42E0AEF7749647ADDFE498 /* Models.swift */,
				E9B260B7A2E9FBE5A4D76072 /* MoimRealtimeSync.swift */,
				6C3D3AA6E1494F69BE95D8C3 /* MoimRepository.swift */,
				65B364AEB657C1C5BEE8FAB6 /* SupabaseClient.swift */,
			);
			path = Supabase;
			sourceTree = "<group>";
		};
/* End PBXGroup section */

/* Begin PBXNativeTarget section */
		70D320B0B082EABBCA721F4D /* MoimTalk */ = {
			isa = PBXNativeTarget;
			buildConfigurationList = 58EF4253B873868D43FD834E /* Build configuration list for PBXNativeTarget "MoimTalk" */;
			buildPhases = (
				B2FDAD856D44837AD7B9D317 /* Sources */,
				4314AC5E531841C97FB0E8C8 /* Resources */,
				F99CFDBF9FE23E75FD6F21F5 /* Frameworks */,
			);
			buildRules = (
			);
			dependencies = (
			);
			name = MoimTalk;
			packageProductDependencies = (
				74F619C44F2D7ACF75D6A1EF /* Supabase */,
				F9BD290E996DA61F670A77FF /* OneSignalFramework */,
			);
			productName = MoimTalk;
			productReference = 77AF8F071B3C5AC6410D6389 /* MoimTalk.app */;
			productType = "com.apple.product-type.application";
		};
/* End PBXNativeTarget section */

/* Begin PBXProject section */
		A84E8F8D7A2D7EF2CFB0230B /* Project object */ = {
			isa = PBXProject;
			attributes = {
				BuildIndependentTargetsInParallel = YES;
				LastUpgradeCheck = 1430;
			};
			buildConfigurationList = A528334DE0E6C5952B9200D3 /* Build configuration list for PBXProject "MoimTalk" */;
			developmentRegion = en;
			hasScannedForEncodings = 0;
			knownRegions = (
				Base,
				en,
			);
			mainGroup = A1D7B2BF494DE1CCAB90B550;
			minimizedProjectReferenceProxies = 1;
			packageReferences = (
				EA39A35A7D349435EED7A4F6 /* XCRemoteSwiftPackageReference "OneSignal-XCFramework" */,
				C90FE215FEC2230F13F3A348 /* XCRemoteSwiftPackageReference "supabase-swift" */,
			);
			preferredProjectObjectVersion = 77;
			productRefGroup = 21323AFCEF09031A6BFF70D5 /* Products */;
			projectDirPath = "";
			projectRoot = "";
			targets = (
				70D320B0B082EABBCA721F4D /* MoimTalk */,
			);
		};
/* End PBXProject section */

/* Begin PBXResourcesBuildPhase section */
		4314AC5E531841C97FB0E8C8 /* Resources */ = {
			isa = PBXResourcesBuildPhase;
			buildActionMask = 2147483647;
			files = (
				B9510171D37606FA467A17EC /* Assets.xcassets in Resources */,
			);
			runOnlyForDeploymentPostprocessing = 0;
		};
/* End PBXResourcesBuildPhase section */

/* Begin PBXSourcesBuildPhase section */
		B2FDAD856D44837AD7B9D317 /* Sources */ = {
			isa = PBXSourcesBuildPhase;
			buildActionMask = 2147483647;
			files = (
				221A52FF2E0856F233729EE5 /* AdminPlaceholderView.swift in Sources */,
				C3CEEBBB8210C301AE92F308 /* AvatarAdjustView.swift in Sources */,
				9CAE57F57BF265116F14F340 /* CalendarView.swift in Sources */,
				FBF8BDC92B4DA1C7A504E28E /* CreateRoomView.swift in Sources */,
				0DF07A068A6D8D7C6FB85920 /* DateUtils.swift in Sources */,
				122642BEF5058304974AECFA /* EventEditView.swift in Sources */,
				592CB191E822D1BFE719D30F /* FilesView.swift in Sources */,
				43DB1EC861921E407B2CD17D /* KrHolidays.swift in Sources */,
				CC2E432B9D8FFB59F8A5E2E2 /* LoginView.swift in Sources */,
				FAD1986FA820CA788D8F8935 /* MemberCsvExport.swift in Sources */,
				AC4D14BA90342DA81A4B2B1E /* Models.swift in Sources */,
				BAD8803DB9F4D033605BF39E /* MoimDesign.swift in Sources */,
				0D8C8B5ECB0A89458832F418 /* MoimRealtimeSync.swift in Sources */,
				D8974609309F8AC914FE9489 /* MoimRepository.swift in Sources */,
				40BD3669E5C236982894A7A3 /* MoimTalkApp.swift in Sources */,
				EDCBA9ABDE2D41AFED8D9E7A /* MoimViewModel.swift in Sources */,
				DFF4A0DF7DA3325B06965141 /* PendingApprovalView.swift in Sources */,
				B9C3DEF180EDDDA9C26F14B2 /* Push.swift in Sources */,
				48D671F7416618EC4B1610D6 /* RoomListView.swift in Sources */,
				974287247F382BD2A5239019 /* RoomSettingsView.swift in Sources */,
				F5F93EFC6BDFFDAE254FB71B /* RoomView.swift in Sources */,
				6314425C995973B53939D1A9 /* SettingsView.swift in Sources */,
				7D5D97A4E555017A94A43B39 /* SignupApprovalView.swift in Sources */,
				1578EF6CB778038234AF36D6 /* SupabaseClient.swift in Sources */,
				D80A76A9098AD074AA57FCE9 /* WardStatusView.swift in Sources */,
			);
			runOnlyForDeploymentPostprocessing = 0;
		};
/* End PBXSourcesBuildPhase section */

/* Begin XCBuildConfiguration section */
		25B3D746CBA701FA73FB8CC8 /* Release */ = {
			isa = XCBuildConfiguration;
			buildSettings = {
				ALWAYS_SEARCH_USER_PATHS = NO;
				CLANG_ANALYZER_NONNULL = YES;
				CLANG_ANALYZER_NUMBER_OBJECT_CONVERSION = YES_AGGRESSIVE;
				CLANG_CXX_LANGUAGE_STANDARD = "gnu++14";
				CLANG_CXX_LIBRARY = "libc++";
				CLANG_ENABLE_MODULES = YES;
				CLANG_ENABLE_OBJC_ARC = YES;
				CLANG_ENABLE_OBJC_WEAK = YES;
				CLANG_WARN_BLOCK_CAPTURE_AUTORELEASING = YES;
				CLANG_WARN_BOOL_CONVERSION = YES;
				CLANG_WARN_COMMA = YES;
				CLANG_WARN_CONSTANT_CONVERSION = YES;
				CLANG_WARN_DEPRECATED_OBJC_IMPLEMENTATIONS = YES;
				CLANG_WARN_DIRECT_OBJC_ISA_USAGE = YES_ERROR;
				CLANG_WARN_DOCUMENTATION_COMMENTS = YES;
				CLANG_WARN_EMPTY_BODY = YES;
				CLANG_WARN_ENUM_CONVERSION = YES;
				CLANG_WARN_INFINITE_RECURSION = YES;
				CLANG_WARN_INT_CONVERSION = YES;
				CLANG_WARN_NON_LITERAL_NULL_CONVERSION = YES;
				CLANG_WARN_OBJC_IMPLICIT_RETAIN_SELF = YES;
				CLANG_WARN_OBJC_LITERAL_CONVERSION = YES;
				CLANG_WARN_OBJC_ROOT_CLASS = YES_ERROR;
				CLANG_WARN_QUOTED_INCLUDE_IN_FRAMEWORK_HEADER = YES;
				CLANG_WARN_RANGE_LOOP_ANALYSIS = YES;
				CLANG_WARN_STRICT_PROTOTYPES = YES;
				CLANG_WARN_SUSPICIOUS_MOVE = YES;
				CLANG_WARN_UNGUARDED_AVAILABILITY = YES_AGGRESSIVE;
				CLANG_WARN_UNREACHABLE_CODE = YES;
				CLANG_WARN__DUPLICATE_METHOD_MATCH = YES;
				COPY_PHASE_STRIP = NO;
				DEBUG_INFORMATION_FORMAT = "dwarf-with-dsym";
				ENABLE_NS_ASSERTIONS = NO;
				ENABLE_STRICT_OBJC_MSGSEND = YES;
				GCC_C_LANGUAGE_STANDARD = gnu11;
				GCC_NO_COMMON_BLOCKS = YES;
				GCC_WARN_64_TO_32_BIT_CONVERSION = YES;
				GCC_WARN_ABOUT_RETURN_TYPE = YES_ERROR;
				GCC_WARN_UNDECLARED_SELECTOR = YES;
				GCC_WARN_UNINITIALIZED_AUTOS = YES_AGGRESSIVE;
				GCC_WARN_UNUSED_FUNCTION = YES;
				GCC_WARN_UNUSED_VARIABLE = YES;
				IPHONEOS_DEPLOYMENT_TARGET = 16.0;
				MTL_ENABLE_DEBUG_INFO = NO;
				MTL_FAST_MATH = YES;
				PRODUCT_NAME = "$(TARGET_NAME)";
				SDKROOT = iphoneos;
				SWIFT_COMPILATION_MODE = wholemodule;
				SWIFT_OPTIMIZATION_LEVEL = "-O";
				SWIFT_VERSION = 5.0;
			};
			name = Release;
		};
		3CBA58FFC48C07C7C92A1B83 /* Release */ = {
			isa = XCBuildConfiguration;
			buildSettings = {
				ASSETCATALOG_COMPILER_APPICON_NAME = AppIcon;
				CODE_SIGN_ENTITLEMENTS = MoimTalk/MoimTalk.entitlements;
				CODE_SIGN_IDENTITY = "iPhone Developer";
				CURRENT_PROJECT_VERSION = 1;
				DEVELOPMENT_TEAM = 9AWEB9NYHH;
				GENERATE_INFOPLIST_FILE = YES;
				INFOPLIST_KEY_CFBundleDisplayName = "아주 정신";
				INFOPLIST_KEY_UILaunchScreen_Generation = YES;
				INFOPLIST_KEY_UISupportedInterfaceOrientations_iPad = "UIInterfaceOrientationPortrait UIInterfaceOrientationPortraitUpsideDown UIInterfaceOrientationLandscapeLeft UIInterfaceOrientationLandscapeRight";
				INFOPLIST_KEY_UISupportedInterfaceOrientations_iPhone = UIInterfaceOrientationPortrait;
				LD_RUNPATH_SEARCH_PATHS = (
					"$(inherited)",
					"@executable_path/Frameworks",
				);
				MARKETING_VERSION = 1.0;
				PRODUCT_BUNDLE_IDENTIFIER = com.example.moimtalk;
				SDKROOT = iphoneos;
				SWIFT_VERSION = 5.9;
				TARGETED_DEVICE_FAMILY = "1,2";
			};
			name = Release;
		};
		5918629A1CAFB5838AF422C6 /* Debug */ = {
			isa = XCBuildConfiguration;
			buildSettings = {
				ALWAYS_SEARCH_USER_PATHS = NO;
				CLANG_ANALYZER_NONNULL = YES;
				CLANG_ANALYZER_NUMBER_OBJECT_CONVERSION = YES_AGGRESSIVE;
				CLANG_CXX_LANGUAGE_STANDARD = "gnu++14";
				CLANG_CXX_LIBRARY = "libc++";
				CLANG_ENABLE_MODULES = YES;
				CLANG_ENABLE_OBJC_ARC = YES;
				CLANG_ENABLE_OBJC_WEAK = YES;
				CLANG_WARN_BLOCK_CAPTURE_AUTORELEASING = YES;
				CLANG_WARN_BOOL_CONVERSION = YES;
				CLANG_WARN_COMMA = YES;
				CLANG_WARN_CONSTANT_CONVERSION = YES;
				CLANG_WARN_DEPRECATED_OBJC_IMPLEMENTATIONS = YES;
				CLANG_WARN_DIRECT_OBJC_ISA_USAGE = YES_ERROR;
				CLANG_WARN_DOCUMENTATION_COMMENTS = YES;
				CLANG_WARN_EMPTY_BODY = YES;
				CLANG_WARN_ENUM_CONVERSION = YES;
				CLANG_WARN_INFINITE_RECURSION = YES;
				CLANG_WARN_INT_CONVERSION = YES;
				CLANG_WARN_NON_LITERAL_NULL_CONVERSION = YES;
				CLANG_WARN_OBJC_IMPLICIT_RETAIN_SELF = YES;
				CLANG_WARN_OBJC_LITERAL_CONVERSION = YES;
				CLANG_WARN_OBJC_ROOT_CLASS = YES_ERROR;
				CLANG_WARN_QUOTED_INCLUDE_IN_FRAMEWORK_HEADER = YES;
				CLANG_WARN_RANGE_LOOP_ANALYSIS = YES;
				CLANG_WARN_STRICT_PROTOTYPES = YES;
				CLANG_WARN_SUSPICIOUS_MOVE = YES;
				CLANG_WARN_UNGUARDED_AVAILABILITY = YES_AGGRESSIVE;
				CLANG_WARN_UNREACHABLE_CODE = YES;
				CLANG_WARN__DUPLICATE_METHOD_MATCH = YES;
				COPY_PHASE_STRIP = NO;
				DEBUG_INFORMATION_FORMAT = dwarf;
				ENABLE_STRICT_OBJC_MSGSEND = YES;
				ENABLE_TESTABILITY = YES;
				GCC_C_LANGUAGE_STANDARD = gnu11;
				GCC_DYNAMIC_NO_PIC = NO;
				GCC_NO_COMMON_BLOCKS = YES;
				GCC_OPTIMIZATION_LEVEL = 0;
				GCC_PREPROCESSOR_DEFINITIONS = (
					"$(inherited)",
					"DEBUG=1",
				);
				GCC_WARN_64_TO_32_BIT_CONVERSION = YES;
				GCC_WARN_ABOUT_RETURN_TYPE = YES_ERROR;
				GCC_WARN_UNDECLARED_SELECTOR = YES;
				GCC_WARN_UNINITIALIZED_AUTOS = YES_AGGRESSIVE;
				GCC_WARN_UNUSED_FUNCTION = YES;
				GCC_WARN_UNUSED_VARIABLE = YES;
				IPHONEOS_DEPLOYMENT_TARGET = 16.0;
				MTL_ENABLE_DEBUG_INFO = INCLUDE_SOURCE;
				MTL_FAST_MATH = YES;
				ONLY_ACTIVE_ARCH = YES;
				PRODUCT_NAME = "$(TARGET_NAME)";
				SDKROOT = iphoneos;
				SWIFT_ACTIVE_COMPILATION_CONDITIONS = DEBUG;
				SWIFT_OPTIMIZATION_LEVEL = "-Onone";
				SWIFT_VERSION = 5.0;
			};
			name = Debug;
		};
		E7765E9F7166B938BE5437B4 /* Debug */ = {
			isa = XCBuildConfiguration;
			buildSettings = {
				ASSETCATALOG_COMPILER_APPICON_NAME = AppIcon;
				CODE_SIGN_ENTITLEMENTS = MoimTalk/MoimTalk.entitlements;
				CODE_SIGN_IDENTITY = "iPhone Developer";
				CURRENT_PROJECT_VERSION = 1;
				DEVELOPMENT_TEAM = 9AWEB9NYHH;
				GENERATE_INFOPLIST_FILE = YES;
				INFOPLIST_KEY_CFBundleDisplayName = "아주 정신";
				INFOPLIST_KEY_UILaunchScreen_Generation = YES;
				INFOPLIST_KEY_UISupportedInterfaceOrientations_iPad = "UIInterfaceOrientationPortrait UIInterfaceOrientationPortraitUpsideDown UIInterfaceOrientationLandscapeLeft UIInterfaceOrientationLandscapeRight";
				INFOPLIST_KEY_UISupportedInterfaceOrientations_iPhone = UIInterfaceOrientationPortrait;
				LD_RUNPATH_SEARCH_PATHS = (
					"$(inherited)",
					"@executable_path/Frameworks",
				);
				MARKETING_VERSION = 1.0;
				PRODUCT_BUNDLE_IDENTIFIER = com.example.moimtalk;
				SDKROOT = iphoneos;
				SWIFT_VERSION = 5.9;
				TARGETED_DEVICE_FAMILY = "1,2";
			};
			name = Debug;
		};
/* End XCBuildConfiguration section */

/* Begin XCConfigurationList section */
		58EF4253B873868D43FD834E /* Build configuration list for PBXNativeTarget "MoimTalk" */ = {
			isa = XCConfigurationList;
			buildConfigurations = (
				E7765E9F7166B938BE5437B4 /* Debug */,
				3CBA58FFC48C07C7C92A1B83 /* Release */,
			);
			defaultConfigurationIsVisible = 0;
			defaultConfigurationName = Debug;
		};
		A528334DE0E6C5952B9200D3 /* Build configuration list for PBXProject "MoimTalk" */ = {
			isa = XCConfigurationList;
			buildConfigurations = (
				5918629A1CAFB5838AF422C6 /* Debug */,
				25B3D746CBA701FA73FB8CC8 /* Release */,
			);
			defaultConfigurationIsVisible = 0;
			defaultConfigurationName = Debug;
		};
/* End XCConfigurationList section */

/* Begin XCRemoteSwiftPackageReference section */
		C90FE215FEC2230F13F3A348 /* XCRemoteSwiftPackageReference "supabase-swift" */ = {
			isa = XCRemoteSwiftPackageReference;
			repositoryURL = "https://github.com/supabase/supabase-swift";
			requirement = {
				kind = upToNextMajorVersion;
				minimumVersion = 2.0.0;
			};
		};
		EA39A35A7D349435EED7A4F6 /* XCRemoteSwiftPackageReference "OneSignal-XCFramework" */ = {
			isa = XCRemoteSwiftPackageReference;
			repositoryURL = "https://github.com/OneSignal/OneSignal-XCFramework";
			requirement = {
				kind = upToNextMajorVersion;
				minimumVersion = 5.0.0;
			};
		};
/* End XCRemoteSwiftPackageReference section */

/* Begin XCSwiftPackageProductDependency section */
		74F619C44F2D7ACF75D6A1EF /* Supabase */ = {
			isa = XCSwiftPackageProductDependency;
			package = C90FE215FEC2230F13F3A348 /* XCRemoteSwiftPackageReference "supabase-swift" */;
			productName = Supabase;
		};
		F9BD290E996DA61F670A77FF /* OneSignalFramework */ = {
			isa = XCSwiftPackageProductDependency;
			package = EA39A35A7D349435EED7A4F6 /* XCRemoteSwiftPackageReference "OneSignal-XCFramework" */;
			productName = OneSignalFramework;
		};
/* End XCSwiftPackageProductDependency section */
	};
	rootObject = A84E8F8D7A2D7EF2CFB0230B /* Project object */;
}
